
Microsoft Visual Studio Solution File, Format Version 10.00
# Visual C++ Express 2008
Project("{8BC9CEB8-8B4A-11D0-8D11-00A0C91BC942}") = "TcnNetForm", "TcnNetForm\TcnNetForm.vcproj", "{59AC3A81-B2F2-4445-9D40-380DFA2C9166}"
EndProject
Global
	GlobalSection(SolutionConfigurationPlatforms) = preSolution
		Debug|Win32 = Debug|Win32
		Release|Win32 = Release|Win32
	EndGlobalSection
	GlobalSection(ProjectConfigurationPlatforms) = postSolution
		{59AC3A81-B2F2-4445-9D40-380DFA2C9166}.Debug|Win32.ActiveCfg = Debug|Win32
		{59AC3A81-B2F2-4445-9D40-380DFA2C9166}.Debug|Win32.Build.0 = Debug|Win32
		{59AC3A81-B2F2-4445-9D40-380DFA2C9166}.Release|Win32.ActiveCfg = Release|Win32
		{59AC3A81-B2F2-4445-9D40-380DFA2C9166}.Release|Win32.Build.0 = Release|Win32
	EndGlobalSection
	GlobalSection(SolutionProperties) = preSolution
		HideSolutionNode = FALSE
	EndGlobalSection
EndGlobal
